// !$*UTF8*$!
{
	archiveVersion = 1;
	classes = {
	};
	objectVersion = 50;
	objects = {

/* Begin PBXBuildFile section */
		6ADE34F52476526F00994CD1 /* AppDelegate.swift in Sources */ = {isa = PBXBuildFile; fileRef = 6ADE34F42476526F00994CD1 /* AppDelegate.swift */; };
		6ADE34F72476526F00994CD1 /* SceneDelegate.swift in Sources */ = {isa = PBXBuildFile; fileRef = 6ADE34F62476526F00994CD1 /* SceneDelegate.swift */; };
		6ADE34F92476526F00994CD1 /* ViewController.swift in Sources */ = {isa = PBXBuildFile; fileRef = 6ADE34F82476526F00994CD1 /* ViewController.swift */; };
		6ADE34FC2476526F00994CD1 /* Main.storyboard in Resources */ = {isa = PBXBuildFile; fileRef = 6ADE34FA2476526F00994CD1 /* Main.storyboard */; };
		6ADE34FF2476526F00994CD1 /* BubbleIt.xcdatamodeld in Sources */ = {isa = PBXBuildFile; fileRef = 6ADE34FD2476526F00994CD1 /* BubbleIt.xcdatamodeld */; };
		6ADE35012476527400994CD1 /* Assets.xcassets in Resources */ = {isa = PBXBuildFile; fileRef = 6ADE35002476527400994CD1 /* Assets.xcassets */; };
		6ADE35042476527400994CD1 /* LaunchScreen.storyboard in Resources */ = {isa = PBXBuildFile; fileRef = 6ADE35022476527400994CD1 /* LaunchScreen.storyboard */; };
		6ADE350F2476527400994CD1 /* BubbleItTests.swift in Sources */ = {isa = PBXBuildFile; fileRef = 6ADE350E2476527400994CD1 /* BubbleItTests.swift */; };
		6ADE351A2476527400994CD1 /* BubbleItUITests.swift in Sources */ = {isa = PBXBuildFile; fileRef = 6ADE35192476527400994CD1 /* BubbleItUITests.swift */; };
		6ADE35292476532400994CD1 /* UIColor+Extension.swift in Sources */ = {isa = PBXBuildFile; fileRef = 6ADE35282476532400994CD1 /* UIColor+Extension.swift */; };
/* End PBXBuildFile section */

/* Begin PBXContainerItemProxy section */
		6ADE350B2476527400994CD1 /* PBXContainerItemProxy */ = {
			isa = PBXContainerItemProxy;
			containerPortal = 6ADE34E92476526F00994CD1 /* Project object */;
			proxyType = 1;
			remoteGlobalIDString = 6ADE34F02476526F00994CD1;
			remoteInfo = BubbleIt;
		};
		6ADE35162476527400994CD1 /* PBXContainerItemProxy */ = {
			isa = PBXContainerItemProxy;
			containerPortal = 6ADE34E92476526F00994CD1 /* Project object */;
			proxyType = 1;
			remoteGlobalIDString = 6ADE34F02476526F00994CD1;
			remoteInfo = BubbleIt;
		};
/* End PBXContainerItemProxy section */

/* Begin PBXFileReference section */
		6ADE34F12476526F00994CD1 /* BubbleIt.app */ = {isa = PBXFileReference; explicitFileType = wrapper.application; includeInIndex = 0; path = BubbleIt.app; sourceTree = BUILT_PRODUCTS_DIR; };
		6ADE34F42476526F00994CD1 /* AppDelegate.swift */ = {isa = PBXFileReference; lastKnownFileType = sourcecode.swift; path = AppDelegate.swift; sourceTree = "<group>"; };
		6ADE34F62476526F00994CD1 /* SceneDelegate.swift */ = {isa = PBXFileReference; lastKnownFileType = sourcecode.swift; path = SceneDelegate.swift; sourceTree = "<group>"; };
		6ADE34F82476526F00994CD1 /* ViewController.swift */ = {isa = PBXFileReference; lastKnownFileType = sourcecode.swift; path = ViewController.swift; sourceTree = "<group>"; };
		6ADE34FB2476526F00994CD1 /* Base */ = {isa = PBXFileReference; lastKnownFileType = file.storyboard; name = Base; path = Base.lproj/Main.storyboard; sourceTree = "<group>"; };
		6ADE34FE2476526F00994CD1 /* BubbleIt.xcdatamodel */ = {isa = PBXFileReference; lastKnownFileType = wrapper.xcdatamodel; path = BubbleIt.xcdatamodel; sourceTree = "<group>"; };
		6ADE35002476527400994CD1 /* Assets.xcassets */ = {isa = PBXFileReference; lastKnownFileType = folder.assetcatalog; path = Assets.xcassets; sourceTree = "<group>"; };
		6ADE35032476527400994CD1 /* Base */ = {isa = PBXFileReference; lastKnownFileType = file.storyboard; name = Base; path = Base.lproj/LaunchScreen.storyboard; sourceTree = "<group>"; };
		6ADE35052476527400994CD1 /* Info.plist */ = {isa = PBXFileReference; lastKnownFileType = text.plist.xml; path = Info.plist; sourceTree = "<group>"; };
		6ADE350A2476527400994CD1 /* BubbleItTests.xctest */ = {isa = PBXFileReference; explicitFileType = wrapper.cfbundle; includeInIndex = 0; path = BubbleItTests.xctest; sourceTree = BUILT_PRODUCTS_DIR; };
		6ADE350E2476527400994CD1 /* BubbleItTests.swift */ = {isa = PBXFileReference; lastKnownFileType = sourcecode.swift; path = BubbleItTests.swift; sourceTree = "<group>"; };
		6ADE35102476527400994CD1 /* Info.plist */ = {isa = PBXFileReference; lastKnownFileType = text.plist.xml; path = Info.plist; sourceTree = "<group>"; };
		6ADE35152476527400994CD1 /* BubbleItUITests.xctest */ = {isa = PBXFileReference; explicitFileType = wrapper.cfbundle; includeInIndex = 0; path = BubbleItUITests.xctest; sourceTree = BUILT_PRODUCTS_DIR; };
		6ADE35192476527400994CD1 /* BubbleItUITests.swift */ = {isa = PBXFileReference; lastKnownFileType = sourcecode.swift; path = BubbleItUITests.swift; sourceTree = "<group>"; };
		6ADE351B2476527400994CD1 /* Info.plist */ = {isa = PBXFileReference; lastKnownFileType = text.plist.xml; path = Info.plist; sourceTree = "<group>"; };
		6ADE35282476532400994CD1 /* UIColor+Extension.swift */ = {isa = PBXFileReference; lastKnownFileType = sourcecode.swift; path = "UIColor+Extension.swift"; sourceTree = "<group>"; };
/* End PBXFileReference section */

/* Begin PBXFrameworksBuildPhase section */
		6ADE34EE2476526F00994CD1 /* Frameworks */ = {
			isa = PBXFrameworksBuildPhase;
			buildActionMask = 2147483647;
			files = (
			);
			runOnlyForDeploymentPostprocessing = 0;
		};
		6ADE35072476527400994CD1 /* Frameworks */ = {
			isa = PBXFrameworksBuildPhase;
			buildActionMask = 2147483647;
			files = (
			);
			runOnlyForDeploymentPostprocessing = 0;
		};
		6ADE35122476527400994CD1 /* Frameworks */ = {
			isa = PBXFrameworksBuildPhase;
			buildActionMask = 2147483647;
			files = (
			);
			runOnlyForDeploymentPostprocessing = 0;
		};
/* End PBXFrameworksBuildPhase section */

/* Begin PBXGroup section */
		6ADE34E82476526F00994CD1 = {
			isa = PBXGroup;
			children = (
				6ADE34F32476526F00994CD1 /* BubbleIt */,
				6ADE350D2476527400994CD1 /* BubbleItTests */,
				6ADE35182476527400994CD1 /* BubbleItUITests */,
				6ADE34F22476526F00994CD1 /* Products */,
			);
			sourceTree = "<group>";
		};
		6ADE34F22476526F00994CD1 /* Products */ = {
			isa = PBXGroup;
			children = (
				6ADE34F12476526F00994CD1 /* BubbleIt.app */,
				6ADE350A2476527400994CD1 /* BubbleItTests.xctest */,
				6ADE35152476527400994CD1 /* BubbleItUITests.xctest */,
			);
			name = Products;
			sourceTree = "<group>";
		};
		6ADE34F32476526F00994CD1 /* BubbleIt */ = {
			isa = PBXGroup;
			children = (
				6ADE35272476530E00994CD1 /* Extensions */,
				6ADE34F42476526F00994CD1 /* AppDelegate.swift */,
				6ADE34F62476526F00994CD1 /* SceneDelegate.swift */,
				6ADE34F82476526F00994CD1 /* ViewController.swift */,
				6ADE34FA2476526F00994CD1 /* Main.storyboard */,
				6ADE35002476527400994CD1 /* Assets.xcassets */,
				6ADE35022476527400994CD1 /* LaunchScreen.storyboard */,
				6ADE35052476527400994CD1 /* Info.plist */,
				6ADE34FD2476526F00994CD1 /* BubbleIt.xcdatamodeld */,
			);
			path = BubbleIt;
			sourceTree = "<group>";
		};
		6ADE350D2476527400994CD1 /* BubbleItTests */ = {
			isa = PBXGroup;
			children = (
				6ADE350E2476527400994CD1 /* BubbleItTests.swift */,
				6ADE35102476527400994CD1 /* Info.plist */,
			);
			path = BubbleItTests;
			sourceTree = "<group>";
		};
		6ADE35182476527400994CD1 /* BubbleItUITests */ = {
			isa = PBXGroup;
			children = (
				6ADE35192476527400994CD1 /* BubbleItUITests.swift */,
				6ADE351B2476527400994CD1 /* Info.plist */,
			);
			path = BubbleItUITests;
			sourceTree = "<group>";
		};
		6ADE35272476530E00994CD1 /* Extensions */ = {
			isa = PBXGroup;
			children = (
				6ADE35282476532400994CD1 /* UIColor+Extension.swift */,
			);
			path = Extensions;
			sourceTree = "<group>";
		};
/* End PBXGroup section */

/* Begin PBXNativeTarget section */
		6ADE34F02476526F00994CD1 /* BubbleIt */ = {
			isa = PBXNativeTarget;
			buildConfigurationList = 6ADE351E2476527400994CD1 /* Build configuration list for PBXNativeTarget "BubbleIt" */;
			buildPhases = (
				6ADE34ED2476526F00994CD1 /* Sources */,
				6ADE34EE2476526F00994CD1 /* Frameworks */,
				6ADE34EF2476526F00994CD1 /* Resources */,
			);
			buildRules = (
			);
			dependencies = (
			);
			name = BubbleIt;
			productName = BubbleIt;
			productReference = 6ADE34F12476526F00994CD1 /* BubbleIt.app */;
			productType = "com.apple.product-type.application";
		};
		6ADE35092476527400994CD1 /* BubbleItTests */ = {
			isa = PBXNativeTarget;
			buildConfigurationList = 6ADE35212476527400994CD1 /* Build configuration list for PBXNativeTarget "BubbleItTests" */;
			buildPhases = (
				6ADE35062476527400994CD1 /* Sources */,
				6ADE35072476527400994CD1 /* Frameworks */,
				6ADE35082476527400994CD1 /* Resources */,
			);
			buildRules = (
			);
			dependencies = (
				6ADE350C2476527400994CD1 /* PBXTargetDependency */,
			);
			name = BubbleItTests;
			productName = BubbleItTests;
			productReference = 6ADE350A2476527400994CD1 /* BubbleItTests.xctest */;
			productType = "com.apple.product-type.bundle.unit-test";
		};
		6ADE35142476527400994CD1 /* BubbleItUITests */ = {
			isa = PBXNativeTarget;
			buildConfigurationList = 6ADE35242476527400994CD1 /* Build configuration list for PBXNativeTarget "BubbleItUITests" */;
			buildPhases = (
				6ADE35112476527400994CD1 /* Sources */,
				6ADE35122476527400994CD1 /* Frameworks */,
				6ADE35132476527400994CD1 /* Resources */,
			);
			buildRules = (
			);
			dependencies = (
				6ADE35172476527400994CD1 /* PBXTargetDependency */,
			);
			name = BubbleItUITests;
			productName = BubbleItUITests;
			productReference = 6ADE35152476527400994CD1 /* BubbleItUITests.xctest */;
			productType = "com.apple.product-type.bundle.ui-testing";
		};
/* End PBXNativeTarget section */

/* Begin PBXProject section */
		6ADE34E92476526F00994CD1 /* Project object */ = {
			isa = PBXProject;
			attributes = {
				LastSwiftUpdateCheck = 1130;
				LastUpgradeCheck = 1130;
				ORGANIZATIONNAME = "Abhi Makadia";
				TargetAttributes = {
					6ADE34F02476526F00994CD1 = {
						CreatedOnToolsVersion = 11.3.1;
					};
					6ADE35092476527400994CD1 = {
						CreatedOnToolsVersion = 11.3.1;
						TestTargetID = 6ADE34F02476526F00994CD1;
					};
					6ADE35142476527400994CD1 = {
						CreatedOnToolsVersion = 11.3.1;
						TestTargetID = 6ADE34F02476526F00994CD1;
					};
				};
			};
			buildConfigurationList = 6ADE34EC2476526F00994CD1 /* Build configuration list for PBXProject "BubbleIt" */;
			compatibilityVersion = "Xcode 9.3";
			developmentRegion = en;
			hasScannedForEncodings = 0;
			knownRegions = (
				en,
				Base,
			);
			mainGroup = 6ADE34E82476526F00994CD1;
			productRefGroup = 6ADE34F22476526F00994CD1 /* Products */;
			projectDirPath = "";
			projectRoot = "";
			targets = (
				6ADE34F02476526F00994CD1 /* BubbleIt */,
				6ADE35092476527400994CD1 /* BubbleItTests */,
				6ADE35142476527400994CD1 /* BubbleItUITests */,
			);
		};
/* End PBXProject section */

/* Begin PBXResourcesBuildPhase section */
		6ADE34EF2476526F00994CD1 /* Resources */ = {
			isa = PBXResourcesBuildPhase;
			buildActionMask = 2147483647;
			files = (
				6ADE35042476527400994CD1 /* LaunchScreen.storyboard in Resources */,
				6ADE35012476527400994CD1 /* Assets.xcassets in Resources */,
				6ADE34FC2476526F00994CD1 /* Main.storyboard in Resources */,
			);
			runOnlyForDeploymentPostprocessing = 0;
		};
		6ADE35082476527400994CD1 /* Resources */ = {
			isa = PBXResourcesBuildPhase;
			buildActionMask = 2147483647;
			files = (
			);
			runOnlyForDeploymentPostprocessing = 0;
		};
		6ADE35132476527400994CD1 /* Resources */ = {
			isa = PBXResourcesBuildPhase;
			buildActionMask = 2147483647;
			files = (
			);
			runOnlyForDeploymentPostprocessing = 0;
		};
/* End PBXResourcesBuildPhase section */

/* Begin PBXSourcesBuildPhase section */
		6ADE34ED2476526F00994CD1 /* Sources */ = {
			isa = PBXSourcesBuildPhase;
			buildActionMask = 2147483647;
			files = (
				6ADE34F92476526F00994CD1 /* ViewController.swift in Sources */,
				6ADE34F52476526F00994CD1 /* AppDelegate.swift in Sources */,
				6ADE34FF2476526F00994CD1 /* BubbleIt.xcdatamodeld in Sources */,
				6ADE34F72476526F00994CD1 /* SceneDelegate.swift in Sources */,
				6ADE35292476532400994CD1 /* UIColor+Extension.swift in Sources */,
			);
			runOnlyForDeploymentPostprocessing = 0;
		};
		6ADE35062476527400994CD1 /* Sources */ = {
			isa = PBXSourcesBuildPhase;
			buildActionMask = 2147483647;
			files = (
				6ADE350F2476527400994CD1 /* BubbleItTests.swift in Sources */,
			);
			runOnlyForDeploymentPostprocessing = 0;
		};
		6ADE35112476527400994CD1 /* Sources */ = {
			isa = PBXSourcesBuildPhase;
			buildActionMask = 2147483647;
			files = (
				6ADE351A2476527400994CD1 /* BubbleItUITests.swift in Sources */,
			);
			runOnlyForDeploymentPostprocessing = 0;
		};
/* End PBXSourcesBuildPhase section */

/* Begin PBXTargetDependency section */
		6ADE350C2476527400994CD1 /* PBXTargetDependency */ = {
			isa = PBXTargetDependency;
			target = 6ADE34F02476526F00994CD1 /* BubbleIt */;
			targetProxy = 6ADE350B2476527400994CD1 /* PBXContainerItemProxy */;
		};
		6ADE35172476527400994CD1 /* PBXTargetDependency */ = {
			isa = PBXTargetDependency;
			target = 6ADE34F02476526F00994CD1 /* BubbleIt */;
			targetProxy = 6ADE35162476527400994CD1 /* PBXContainerItemProxy */;
		};
/* End PBXTargetDependency section */

/* Begin PBXVariantGroup section */
		6ADE34FA2476526F00994CD1 /* Main.storyboard */ = {
			isa = PBXVariantGroup;
			children = (
				6ADE34FB2476526F00994CD1 /* Base */,
			);
			name = Main.storyboard;
			sourceTree = "<group>";
		};
		6ADE35022476527400994CD1 /* LaunchScreen.storyboard */ = {
			isa = PBXVariantGroup;
			children = (
				6ADE35032476527400994CD1 /* Base */,
			);
			name = LaunchScreen.storyboard;
			sourceTree = "<group>";
		};
/* End PBXVariantGroup section */

/* Begin XCBuildConfiguration section */
		6ADE351C2476527400994CD1 /* Debug */ = {
			isa = XCBuildConfiguration;
			buildSettings = {
				ALWAYS_SEARCH_USER_PATHS = NO;
				CLANG_ANALYZER_NONNULL = YES;
				CLANG_ANALYZER_NUMBER_OBJECT_CONVERSION = YES_AGGRESSIVE;
				CLANG_CXX_LANGUAGE_STANDARD = "gnu++14";
				CLANG_CXX_LIBRARY = "libc++";
				CLANG_ENABLE_MODULES = YES;
				CLANG_ENABLE_OBJC_ARC = YES;
				CLANG_ENABLE_OBJC_WEAK = YES;
				CLANG_WARN_BLOCK_CAPTURE_AUTORELEASING = YES;
				CLANG_WARN_BOOL_CONVERSION = YES;
				CLANG_WARN_COMMA = YES;
				CLANG_WARN_CONSTANT_CONVERSION = YES;
				CLANG_WARN_DEPRECATED_OBJC_IMPLEMENTATIONS = YES;
				CLANG_WARN_DIRECT_OBJC_ISA_USAGE = YES_ERROR;
				CLANG_WARN_DOCUMENTATION_COMMENTS = YES;
				CLANG_WARN_EMPTY_BODY = YES;
				CLANG_WARN_ENUM_CONVERSION = YES;
				CLANG_WARN_INFINITE_RECURSION = YES;
				CLANG_WARN_INT_CONVERSION = YES;
				CLANG_WARN_NON_LITERAL_NULL_CONVERSION = YES;
				CLANG_WARN_OBJC_IMPLICIT_RETAIN_SELF = YES;
				CLANG_WARN_OBJC_LITERAL_CONVERSION = YES;
				CLANG_WARN_OBJC_ROOT_CLASS = YES_ERROR;
				CLANG_WARN_RANGE_LOOP_ANALYSIS = YES;
				CLANG_WARN_STRICT_PROTOTYPES = YES;
				CLANG_WARN_SUSPICIOUS_MOVE = YES;
				CLANG_WARN_UNGUARDED_AVAILABILITY = YES_AGGRESSIVE;
				CLANG_WARN_UNREACHABLE_CODE = YES;
				CLANG_WARN__DUPLICATE_METHOD_MATCH = YES;
				COPY_PHASE_STRIP = NO;
				DEBUG_INFORMATION_FORMAT = dwarf;
				ENABLE_STRICT_OBJC_MSGSEND = YES;
				ENABLE_TESTABILITY = YES;
				GCC_C_LANGUAGE_STANDARD = gnu11;
				GCC_DYNAMIC_NO_PIC = NO;
				GCC_NO_COMMON_BLOCKS = YES;
				GCC_OPTIMIZATION_LEVEL = 0;
				GCC_PREPROCESSOR_DEFINITIONS = (
					"DEBUG=1",
					"$(inherited)",
				);
				GCC_WARN_64_TO_32_BIT_CONVERSION = YES;
				GCC_WARN_ABOUT_RETURN_TYPE = YES_ERROR;
				GCC_WARN_UNDECLARED_SELECTOR = YES;
				GCC_WARN_UNINITIALIZED_AUTOS = YES_AGGRESSIVE;
				GCC_WARN_UNUSED_FUNCTION = YES;
				GCC_WARN_UNUSED_VARIABLE = YES;
				IPHONEOS_DEPLOYMENT_TARGET = 13.2;
				MTL_ENABLE_DEBUG_INFO = INCLUDE_SOURCE;
				MTL_FAST_MATH = YES;
				ONLY_ACTIVE_ARCH = YES;
				SDKROOT = iphoneos;
				SWIFT_ACTIVE_COMPILATION_CONDITIONS = DEBUG;
				SWIFT_OPTIMIZATION_LEVEL = "-Onone";
			};
			name = Debug;
		};
		6ADE351D2476527400994CD1 /* Release */ = {
			isa = XCBuildConfiguration;
			buildSettings = {
				ALWAYS_SEARCH_USER_PATHS = NO;
				CLANG_ANALYZER_NONNULL = YES;
				CLANG_ANALYZER_NUMBER_OBJECT_CONVERSION = YES_AGGRESSIVE;
				CLANG_CXX_LANGUAGE_STANDARD = "gnu++14";
				CLANG_CXX_LIBRARY = "libc++";
				CLANG_ENABLE_MODULES = YES;
				CLANG_ENABLE_OBJC_ARC = YES;
				CLANG_ENABLE_OBJC_WEAK = YES;
				CLANG_WARN_BLOCK_CAPTURE_AUTORELEASING = YES;
				CLANG_WARN_BOOL_CONVERSION = YES;
				CLANG_WARN_COMMA = YES;
				CLANG_WARN_CONSTANT_CONVERSION = YES;
				CLANG_WARN_DEPRECATED_OBJC_IMPLEMENTATIONS = YES;
				CLANG_WARN_DIRECT_OBJC_ISA_USAGE = YES_ERROR;
				CLANG_WARN_DOCUMENTATION_COMMENTS = YES;
				CLANG_WARN_EMPTY_BODY = YES;
				CLANG_WARN_ENUM_CONVERSION = YES;
				CLANG_WARN_INFINITE_RECURSION = YES;
				CLANG_WARN_INT_CONVERSION = YES;
				CLANG_WARN_NON_LITERAL_NULL_CONVERSION = YES;
				CLANG_WARN_OBJC_IMPLICIT_RETAIN_SELF = YES;
				CLANG_WARN_OBJC_LITERAL_CONVERSION = YES;
				CLANG_WARN_OBJC_ROOT_CLASS = YES_ERROR;
				CLANG_WARN_RANGE_LOOP_ANALYSIS = YES;
				CLANG_WARN_STRICT_PROTOTYPES = YES;
				CLANG_WARN_SUSPICIOUS_MOVE = YES;
				CLANG_WARN_UNGUARDED_AVAILABILITY = YES_AGGRESSIVE;
				CLANG_WARN_UNREACHABLE_CODE = YES;
				CLANG_WARN__DUPLICATE_METHOD_MATCH = YES;
				COPY_PHASE_STRIP = NO;
				DEBUG_INFORMATION_FORMAT = "dwarf-with-dsym";
				ENABLE_NS_ASSERTIONS = NO;
				ENABLE_STRICT_OBJC_MSGSEND = YES;
				GCC_C_LANGUAGE_STANDARD = gnu11;
				GCC_NO_COMMON_BLOCKS = YES;
				GCC_WARN_64_TO_32_BIT_CONVERSION = YES;
				GCC_WARN_ABOUT_RETURN_TYPE = YES_ERROR;
				GCC_WARN_UNDECLARED_SELECTOR = YES;
				GCC_WARN_UNINITIALIZED_AUTOS = YES_AGGRESSIVE;
				GCC_WARN_UNUSED_FUNCTION = YES;
				GCC_WARN_UNUSED_VARIABLE = YES;
				IPHONEOS_DEPLOYMENT_TARGET = 13.2;
				MTL_ENABLE_DEBUG_INFO = NO;
				MTL_FAST_MATH = YES;
				SDKROOT = iphoneos;
				SWIFT_COMPILATION_MODE = wholemodule;
				SWIFT_OPTIMIZATION_LEVEL = "-O";
				VALIDATE_PRODUCT = YES;
			};
			name = Release;
		};
		6ADE351F2476527400994CD1 /* Debug */ = {
			isa = XCBuildConfiguration;
			buildSettings = {
				ASSETCATALOG_COMPILER_APPICON_NAME = AppIcon;
				CODE_SIGN_STYLE = Automatic;
				DEVELOPMENT_TEAM = 4ZCG2ZYK7N;
				INFOPLIST_FILE = BubbleIt/Info.plist;
				LD_RUNPATH_SEARCH_PATHS = (
					"$(inherited)",
					"@executable_path/Frameworks",
				);
				PRODUCT_BUNDLE_IDENTIFIER = com.abhi.BubbleIt;
				PRODUCT_NAME = "$(TARGET_NAME)";
				SWIFT_VERSION = 5.0;
				TARGETED_DEVICE_FAMILY = "1,2";
			};
			name = Debug;
		};
		6ADE35202476527400994CD1 /* Release */ = {
			isa = XCBuildConfiguration;
			buildSettings = {
				ASSETCATALOG_COMPILER_APPICON_NAME = AppIcon;
				CODE_SIGN_STYLE = Automatic;
				DEVELOPMENT_TEAM = 4ZCG2ZYK7N;
				INFOPLIST_FILE = BubbleIt/Info.plist;
				LD_RUNPATH_SEARCH_PATHS = (
					"$(inherited)",
					"@executable_path/Frameworks",
				);
				PRODUCT_BUNDLE_IDENTIFIER = com.abhi.BubbleIt;
				PRODUCT_NAME = "$(TARGET_NAME)";
				SWIFT_VERSION = 5.0;
				TARGETED_DEVICE_FAMILY = "1,2";
			};
			name = Release;
		};
		6ADE35222476527400994CD1 /* Debug */ = {
			isa = XCBuildConfiguration;
			buildSettings = {
				ALWAYS_EMBED_SWIFT_STANDARD_LIBRARIES = YES;
				BUNDLE_LOADER = "$(TEST_HOST)";
				CODE_SIGN_STYLE = Automatic;
				DEVELOPMENT_TEAM = 4ZCG2ZYK7N;
				INFOPLIST_FILE = BubbleItTests/Info.plist;
				IPHONEOS_DEPLOYMENT_TARGET = 13.2;
				LD_RUNPATH_SEARCH_PATHS = (
					"$(inherited)",
					"@executable_path/Frameworks",
					"@loader_path/Frameworks",
				);
				PRODUCT_BUNDLE_IDENTIFIER = com.abhi.BubbleItTests;
				PRODUCT_NAME = "$(TARGET_NAME)";
				SWIFT_VERSION = 5.0;
				TARGETED_DEVICE_FAMILY = "1,2";
				TEST_HOST = "$(BUILT_PRODUCTS_DIR)/BubbleIt.app/BubbleIt";
			};
			name = Debug;
		};
		6ADE35232476527400994CD1 /* Release */ = {
			isa = XCBuildConfiguration;
			buildSettings = {
				ALWAYS_EMBED_SWIFT_STANDARD_LIBRARIES = YES;
				BUNDLE_LOADER = "$(TEST_HOST)";
				CODE_SIGN_STYLE = Automatic;
				DEVELOPMENT_TEAM = 4ZCG2ZYK7N;
				INFOPLIST_FILE = BubbleItTests/Info.plist;
				IPHONEOS_DEPLOYMENT_TARGET = 13.2;
				LD_RUNPATH_SEARCH_PATHS = (
					"$(inherited)",
					"@executable_path/Frameworks",
					"@loader_path/Frameworks",
				);
				PRODUCT_BUNDLE_IDENTIFIER = com.abhi.BubbleItTests;
				PRODUCT_NAME = "$(TARGET_NAME)";
				SWIFT_VERSION = 5.0;
				TARGETED_DEVICE_FAMILY = "1,2";
				TEST_HOST = "$(BUILT_PRODUCTS_DIR)/BubbleIt.app/BubbleIt";
			};
			name = Release;
		};
		6ADE35252476527400994CD1 /* Debug */ = {
			isa = XCBuildConfiguration;
			buildSettings = {
				ALWAYS_EMBED_SWIFT_STANDARD_LIBRARIES = YES;
				CODE_SIGN_STYLE = Automatic;
				DEVELOPMENT_TEAM = 4ZCG2ZYK7N;
				INFOPLIST_FILE = BubbleItUITests/Info.plist;
				LD_RUNPATH_SEARCH_PATHS = (
					"$(inherited)",
					"@executable_path/Frameworks",
					"@loader_path/Frameworks",
				);
				PRODUCT_BUNDLE_IDENTIFIER = com.abhi.BubbleItUITests;
				PRODUCT_NAME = "$(TARGET_NAME)";
				SWIFT_VERSION = 5.0;
				TARGETED_DEVICE_FAMILY = "1,2";
				TEST_TARGET_NAME = BubbleIt;
			};
			name = Debug;
		};
		6ADE35262476527400994CD1 /* Release */ = {
			isa = XCBuildConfiguration;
			buildSettings = {
				ALWAYS_EMBED_SWIFT_STANDARD_LIBRARIES = YES;
				CODE_SIGN_STYLE = Automatic;
				DEVELOPMENT_TEAM = 4ZCG2ZYK7N;
				INFOPLIST_FILE = BubbleItUITests/Info.plist;
				LD_RUNPATH_SEARCH_PATHS = (
					"$(inherited)",
					"@executable_path/Frameworks",
					"@loader_path/Frameworks",
				);
				PRODUCT_BUNDLE_IDENTIFIER = com.abhi.BubbleItUITests;
				PRODUCT_NAME = "$(TARGET_NAME)";
				SWIFT_VERSION = 5.0;
				TARGETED_DEVICE_FAMILY = "1,2";
				TEST_TARGET_NAME = BubbleIt;
			};
			name = Release;
		};
/* End XCBuildConfiguration section */

/* Begin XCConfigurationList section */
		6ADE34EC2476526F00994CD1 /* Build configuration list for PBXProject "BubbleIt" */ = {
			isa = XCConfigurationList;
			buildConfigurations = (
				6ADE351C2476527400994CD1 /* Debug */,
				6ADE351D2476527400994CD1 /* Release */,
			);
			defaultConfigurationIsVisible = 0;
			defaultConfigurationName = Release;
		};
		6ADE351E2476527400994CD1 /* Build configuration list for PBXNativeTarget "BubbleIt" */ = {
			isa = XCConfigurationList;
			buildConfigurations = (
				6ADE351F2476527400994CD1 /* Debug */,
				6ADE35202476527400994CD1 /* Release */,
			);
			defaultConfigurationIsVisible = 0;
			defaultConfigurationName = Release;
		};
		6ADE35212476527400994CD1 /* Build configuration list for PBXNativeTarget "BubbleItTests" */ = {
			isa = XCConfigurationList;
			buildConfigurations = (
				6ADE35222476527400994CD1 /* Debug */,
				6ADE35232476527400994CD1 /* Release */,
			);
			defaultConfigurationIsVisible = 0;
			defaultConfigurationName = Release;
		};
		6ADE35242476527400994CD1 /* Build configuration list for PBXNativeTarget "BubbleItUITests" */ = {
			isa = XCConfigurationList;
			buildConfigurations = (
				6ADE35252476527400994CD1 /* Debug */,
				6ADE35262476527400994CD1 /* Release */,
			);
			defaultConfigurationIsVisible = 0;
			defaultConfigurationName = Release;
		};
/* End XCConfigurationList section */

/* Begin XCVersionGroup section */
		6ADE34FD2476526F00994CD1 /* BubbleIt.xcdatamodeld */ = {
			isa = XCVersionGroup;
			children = (
				6ADE34FE2476526F00994CD1 /* BubbleIt.xcdatamodel */,
			);
			currentVersion = 6ADE34FE2476526F00994CD1 /* BubbleIt.xcdatamodel */;
			path = BubbleIt.xcdatamodeld;
			sourceTree = "<group>";
			versionGroupType = wrapper.xcdatamodel;
		};
/* End XCVersionGroup section */
	};
	rootObject = 6ADE34E92476526F00994CD1 /* Project object */;
}
